
Microsoft Visual Studio Solution File, Format Version 12.00
# Visual Studio 14
VisualStudioVersion = 14.0.25123.0
MinimumVisualStudioVersion = 10.0.40219.1
Project("{FAE04EC0-301F-11D3-BF4B-00C04F79EFBC}") = "Defining-Classes", "Defining-Classes\Defining-Classes.csproj", "{94BBC4C9-6494-41FB-B900-8619B08C0D2B}"
EndProject
Project("{FAE04EC0-301F-11D3-BF4B-00C04F79EFBC}") = "Defining-Classes-Pt2", "Defining-Classes-Pt2\Defining-Classes-Pt2.csproj", "{336DA74D-E273-482C-80E8-3D1CE8650E83}"
EndProject
Project("{FAE04EC0-301F-11D3-BF4B-00C04F79EFBC}") = "03.Extension-Methods-Delegates-Lambda-LINQ", "03.Extension-Methods-Delegates-Lambda-LINQ\03.Extension-Methods-Delegates-Lambda-LINQ.csproj", "{30633753-BBB0-4FE9-9522-CA26A538B833}"
EndProject
Global
	GlobalSection(SolutionConfigurationPlatforms) = preSolution
		Debug|Any CPU = Debug|Any CPU
		Release|Any CPU = Release|Any CPU
	EndGlobalSection
	GlobalSection(ProjectConfigurationPlatforms) = postSolution
		{94BBC4C9-6494-41FB-B900-8619B08C0D2B}.Debug|Any CPU.ActiveCfg = Debug|Any CPU
		{94BBC4C9-6494-41FB-B900-8619B08C0D2B}.Debug|Any CPU.Build.0 = Debug|Any CPU
		{94BBC4C9-6494-41FB-B900-8619B08C0D2B}.Release|Any CPU.ActiveCfg = Release|Any CPU
		{94BBC4C9-6494-41FB-B900-8619B08C0D2B}.Release|Any CPU.Build.0 = Release|Any CPU
		{336DA74D-E273-482C-80E8-3D1CE8650E83}.Debug|Any CPU.ActiveCfg = Debug|Any CPU
		{336DA74D-E273-482C-80E8-3D1CE8650E83}.Debug|Any CPU.Build.0 = Debug|Any CPU
		{336DA74D-E273-482C-80E8-3D1CE8650E83}.Release|Any CPU.ActiveCfg = Release|Any CPU
		{336DA74D-E273-482C-80E8-3D1CE8650E83}.Release|Any CPU.Build.0 = Release|Any CPU
		{30633753-BBB0-4FE9-9522-CA26A538B833}.Debug|Any CPU.ActiveCfg = Debug|Any CPU
		{30633753-BBB0-4FE9-9522-CA26A538B833}.Debug|Any CPU.Build.0 = Debug|Any CPU
		{30633753-BBB0-4FE9-9522-CA26A538B833}.Release|Any CPU.ActiveCfg = Release|Any CPU
		{30633753-BBB0-4FE9-9522-CA26A538B833}.Release|Any CPU.Build.0 = Release|Any CPU
	EndGlobalSection
	GlobalSection(SolutionProperties) = preSolution
		HideSolutionNode = FALSE
	EndGlobalSection
EndGlobal
