
Microsoft Visual Studio Solution File, Format Version 12.00
# Visual Studio 2013
VisualStudioVersion = 12.0.21005.1
MinimumVisualStudioVersion = 10.0.40219.1
Project("{FAE04EC0-301F-11D3-BF4B-00C04F79EFBC}") = "DeclareVariables", "Declare Variables\DeclareVariables.csproj", "{3B546460-B5B0-4117-A603-43474B40A88C}"
EndProject
Project("{FAE04EC0-301F-11D3-BF4B-00C04F79EFBC}") = "FloatOrDouble", "FloatOrDouble\FloatOrDouble.csproj", "{95B8F465-CF63-49C3-B701-B87DF9B9C5B6}"
EndProject
Global
	GlobalSection(SolutionConfigurationPlatforms) = preSolution
		Debug|Any CPU = Debug|Any CPU
		Release|Any CPU = Release|Any CPU
	EndGlobalSection
	GlobalSection(ProjectConfigurationPlatforms) = postSolution
		{3B546460-B5B0-4117-A603-43474B40A88C}.Debug|Any CPU.ActiveCfg = Debug|Any CPU
		{3B546460-B5B0-4117-A603-43474B40A88C}.Debug|Any CPU.Build.0 = Debug|Any CPU
		{3B546460-B5B0-4117-A603-43474B40A88C}.Release|Any CPU.ActiveCfg = Release|Any CPU
		{3B546460-B5B0-4117-A603-43474B40A88C}.Release|Any CPU.Build.0 = Release|Any CPU
		{95B8F465-CF63-49C3-B701-B87DF9B9C5B6}.Debug|Any CPU.ActiveCfg = Debug|Any CPU
		{95B8F465-CF63-49C3-B701-B87DF9B9C5B6}.Debug|Any CPU.Build.0 = Debug|Any CPU
		{95B8F465-CF63-49C3-B701-B87DF9B9C5B6}.Release|Any CPU.ActiveCfg = Release|Any CPU
		{95B8F465-CF63-49C3-B701-B87DF9B9C5B6}.Release|Any CPU.Build.0 = Release|Any CPU
	EndGlobalSection
	GlobalSection(SolutionProperties) = preSolution
		HideSolutionNode = FALSE
	EndGlobalSection
EndGlobal
