
Microsoft Visual Studio Solution File, Format Version 12.00
# Visual Studio 2013
VisualStudioVersion = 12.0.21005.1
MinimumVisualStudioVersion = 10.0.40219.1
Project("{FAE04EC0-301F-11D3-BF4B-00C04F79EFBC}") = "AllocateArray", "AllocateArray\AllocateArray.csproj", "{A796C4AD-1842-4142-A19C-7BAF112BB568}"
EndProject
Project("{FAE04EC0-301F-11D3-BF4B-00C04F79EFBC}") = "CompareArrays", "CompareArrays\CompareArrays.csproj", "{F3716A85-4198-4153-BC33-2F1BA21D9B99}"
EndProject
Project("{FAE04EC0-301F-11D3-BF4B-00C04F79EFBC}") = "Maximal-sequence", "Maximal-sequence\Maximal-sequence.csproj", "{A76538F1-5B40-4C12-8898-ECCD33ABB7B5}"
EndProject
Project("{FAE04EC0-301F-11D3-BF4B-00C04F79EFBC}") = "CompareCharArrays", "CompareCharArrays\CompareCharArrays.csproj", "{2BC41306-D50E-4C17-B73C-1442D8277902}"
EndProject
Global
	GlobalSection(SolutionConfigurationPlatforms) = preSolution
		Debug|Any CPU = Debug|Any CPU
		Release|Any CPU = Release|Any CPU
	EndGlobalSection
	GlobalSection(ProjectConfigurationPlatforms) = postSolution
		{A796C4AD-1842-4142-A19C-7BAF112BB568}.Debug|Any CPU.ActiveCfg = Debug|Any CPU
		{A796C4AD-1842-4142-A19C-7BAF112BB568}.Debug|Any CPU.Build.0 = Debug|Any CPU
		{A796C4AD-1842-4142-A19C-7BAF112BB568}.Release|Any CPU.ActiveCfg = Release|Any CPU
		{A796C4AD-1842-4142-A19C-7BAF112BB568}.Release|Any CPU.Build.0 = Release|Any CPU
		{F3716A85-4198-4153-BC33-2F1BA21D9B99}.Debug|Any CPU.ActiveCfg = Debug|Any CPU
		{F3716A85-4198-4153-BC33-2F1BA21D9B99}.Debug|Any CPU.Build.0 = Debug|Any CPU
		{F3716A85-4198-4153-BC33-2F1BA21D9B99}.Release|Any CPU.ActiveCfg = Release|Any CPU
		{F3716A85-4198-4153-BC33-2F1BA21D9B99}.Release|Any CPU.Build.0 = Release|Any CPU
		{A76538F1-5B40-4C12-8898-ECCD33ABB7B5}.Debug|Any CPU.ActiveCfg = Debug|Any CPU
		{A76538F1-5B40-4C12-8898-ECCD33ABB7B5}.Debug|Any CPU.Build.0 = Debug|Any CPU
		{A76538F1-5B40-4C12-8898-ECCD33ABB7B5}.Release|Any CPU.ActiveCfg = Release|Any CPU
		{A76538F1-5B40-4C12-8898-ECCD33ABB7B5}.Release|Any CPU.Build.0 = Release|Any CPU
		{2BC41306-D50E-4C17-B73C-1442D8277902}.Debug|Any CPU.ActiveCfg = Debug|Any CPU
		{2BC41306-D50E-4C17-B73C-1442D8277902}.Debug|Any CPU.Build.0 = Debug|Any CPU
		{2BC41306-D50E-4C17-B73C-1442D8277902}.Release|Any CPU.ActiveCfg = Release|Any CPU
		{2BC41306-D50E-4C17-B73C-1442D8277902}.Release|Any CPU.Build.0 = Release|Any CPU
	EndGlobalSection
	GlobalSection(SolutionProperties) = preSolution
		HideSolutionNode = FALSE
	EndGlobalSection
EndGlobal
